
Microsoft Visual Studio Solution File, Format Version 12.00
# Visual Studio Version 16
VisualStudioVersion = 16.0.28803.352
MinimumVisualStudioVersion = 10.0.40219.1
Project("{FAE04EC0-301F-11D3-BF4B-00C04F79EFBC}") = "TestSolutionProject", "TestSolutionProject.csproj", "{A38EF76A-9D5A-42D9-B545-A6837433B587}"
EndProject
Global
	GlobalSection(SolutionConfigurationPlatforms) = preSolution
		Debug|Any CPU = Debug|Any CPU
		Release|Any CPU = Release|Any CPU
	EndGlobalSection
	GlobalSection(ProjectConfigurationPlatforms) = postSolution
		{A38EF76A-9D5A-42D9-B545-A6837433B587}.Debug|Any CPU.ActiveCfg = Debug|Any CPU
		{A38EF76A-9D5A-42D9-B545-A6837433B587}.Debug|Any CPU.Build.0 = Debug|Any CPU
		{A38EF76A-9D5A-42D9-B545-A6837433B587}.Release|Any CPU.ActiveCfg = Release|Any CPU
		{A38EF76A-9D5A-42D9-B545-A6837433B587}.Release|Any CPU.Build.0 = Release|Any CPU
	EndGlobalSection
	GlobalSection(SolutionProperties) = preSolution
		HideSolutionNode = FALSE
	EndGlobalSection
	GlobalSection(ExtensibilityGlobals) = postSolution
		SolutionGuid = {6208069D-58DF-45C7-8B6A-7BDC0FFC6CC7}
	EndGlobalSection
EndGlobal
